Microsoft Visual Studio Solution File, Format Version 12.00
# Visual Studio Version 16
VisualStudioVersion = 16.0.30621.155
MinimumVisualStudioVersion = 10.0.40219.1
Project("{FAE04EC0-301F-11D3-BF4B-00C04F79EFBC}") = "SharpHsql", "SharpHSQL\SharpHsql.csproj", "{B98F7374-FF00-4BB7-93EC-39763A76BFFF}"
EndProject
Project("{FAE04EC0-301F-11D3-BF4B-00C04F79EFBC}") = "hsqltest", "hsqltest\hsqltest.csproj", "{264A06D6-76FB-4652-8619-9B651DF182D5}"
EndProject
Project("{2150E333-8FDC-42A3-9474-1A3956D46DE8}") = "Tests", "Tests", "{ABB5AC13-6281-4689-9C4D-84D9537C7CEF}"
EndProject
Project("{FAE04EC0-301F-11D3-BF4B-00C04F79EFBC}") = "SharpHSQL.FunctionalTests", "SharpHSQL.IntegrationTests\SharpHSQL.FunctionalTests.csproj", "{60557E91-4298-4804-A117-C459103C9A21}"
EndProject
Project("{FAE04EC0-301F-11D3-BF4B-00C04F79EFBC}") = "SharpHSQL.UnitTests", "SharpHSQL.UnitTests\SharpHSQL.UnitTests.csproj", "{4418022B-AA3E-427B-8817-4C4E5C2581FA}"
EndProject
Global
	GlobalSection(SolutionConfigurationPlatforms) = preSolution
		Debug|Any CPU = Debug|Any CPU
		Release|Any CPU = Release|Any CPU
	EndGlobalSection
	GlobalSection(ProjectConfigurationPlatforms) = postSolution
		{B98F7374-FF00-4BB7-93EC-39763A76BFFF}.Debug|Any CPU.ActiveCfg = Debug|Any CPU
		{B98F7374-FF00-4BB7-93EC-39763A76BFFF}.Debug|Any CPU.Build.0 = Debug|Any CPU
		{B98F7374-FF00-4BB7-93EC-39763A76BFFF}.Release|Any CPU.ActiveCfg = Release|Any CPU
		{B98F7374-FF00-4BB7-93EC-39763A76BFFF}.Release|Any CPU.Build.0 = Release|Any CPU
		{264A06D6-76FB-4652-8619-9B651DF182D5}.Debug|Any CPU.ActiveCfg = Debug|Any CPU
		{264A06D6-76FB-4652-8619-9B651DF182D5}.Debug|Any CPU.Build.0 = Debug|Any CPU
		{264A06D6-76FB-4652-8619-9B651DF182D5}.Release|Any CPU.ActiveCfg = Release|Any CPU
		{264A06D6-76FB-4652-8619-9B651DF182D5}.Release|Any CPU.Build.0 = Release|Any CPU
		{60557E91-4298-4804-A117-C459103C9A21}.Debug|Any CPU.ActiveCfg = Debug|Any CPU
		{60557E91-4298-4804-A117-C459103C9A21}.Debug|Any CPU.Build.0 = Debug|Any CPU
		{60557E91-4298-4804-A117-C459103C9A21}.Release|Any CPU.ActiveCfg = Release|Any CPU
		{60557E91-4298-4804-A117-C459103C9A21}.Release|Any CPU.Build.0 = Release|Any CPU
		{4418022B-AA3E-427B-8817-4C4E5C2581FA}.Debug|Any CPU.ActiveCfg = Debug|Any CPU
		{4418022B-AA3E-427B-8817-4C4E5C2581FA}.Debug|Any CPU.Build.0 = Debug|Any CPU
		{4418022B-AA3E-427B-8817-4C4E5C2581FA}.Release|Any CPU.ActiveCfg = Release|Any CPU
		{4418022B-AA3E-427B-8817-4C4E5C2581FA}.Release|Any CPU.Build.0 = Release|Any CPU
	EndGlobalSection
	GlobalSection(SolutionProperties) = preSolution
		HideSolutionNode = FALSE
	EndGlobalSection
	GlobalSection(NestedProjects) = preSolution
		{60557E91-4298-4804-A117-C459103C9A21} = {ABB5AC13-6281-4689-9C4D-84D9537C7CEF}
		{4418022B-AA3E-427B-8817-4C4E5C2581FA} = {ABB5AC13-6281-4689-9C4D-84D9537C7CEF}
	EndGlobalSection
	GlobalSection(ExtensibilityGlobals) = postSolution
		SolutionGuid = {9448DD8D-69BC-4AD4-8B5D-854C138B3C86}
	EndGlobalSection
	GlobalSection(DPCodeReviewSolutionGUID) = preSolution
		DPCodeReviewSolutionGUID = {00000000-0000-0000-0000-000000000000}
	EndGlobalSection
EndGlobal
